{
  "requires": true,
  "lockfileVersion": 1,
  "dependencies": {
    "@microsoft/decorators": {
      "version": "1.8.0",
      "resolved": "https://registry.npmjs.org/@microsoft/decorators/-/decorators-1.8.0.tgz",
      "integrity": "sha512-rZoUjaRrF3/L8xk0up3qhfgFBs+wuZuQfXa7qDUgzIYB3GyEb2Xv6j1YMNiSfKHfQ7jehF51mSGxXerOfyvXqA==",
      "requires": {
        "tslib": "~1.9.3"
      }
    },
    "@microsoft/load-themed-styles": {
      "version": "1.8.62",
      "resolved": "https://registry.npmjs.org/@microsoft/load-themed-styles/-/load-themed-styles-1.8.62.tgz",
      "integrity": "sha512-T9yplfIBWV6R5n0y9TuAnF8og7lUTFRqiOD/F8y3J4ziAkg3RD2Gih7p0TdTD4vmqbFJOpuuXMNMpERFFMgvvg=="
    },
    "@microsoft/microsoft-graph-client": {
      "version": "1.1.0",
      "resolved": "https://registry.npmjs.org/@microsoft/microsoft-graph-client/-/microsoft-graph-client-1.1.0.tgz",
      "integrity": "sha512-sDgchKZz1l3QJVNdkE1P1KpwTjupNt1mS9h1T0CiP+ayMN7IeFKfElB8IYtxFplNalZTmEq+iqoQFqUVpVMLfQ==",
      "requires": {
        "es6-promise": "^4.1.0",
        "isomorphic-fetch": "^2.2.1"
      }
    },
    "@microsoft/office-ui-fabric-react-bundle": {
      "version": "1.8.0",
      "resolved": "https://registry.npmjs.org/@microsoft/office-ui-fabric-react-bundle/-/office-ui-fabric-react-bundle-1.8.0.tgz",
      "integrity": "sha512-OvAsVAsLJt8C8eTZU25Sc8pTMf9xlcspKQQcEq7iPkIBnvYMmIBfjrKnOk1I2Vl2tddw/wIM8maCmO8JwHSMXA==",
      "requires": {
        "@types/react": "16.4.2",
        "@types/webpack-env": "1.13.1",
        "@uifabric/icons": "6.4.0",
        "office-ui-fabric-react": "6.143.0",
        "react": "16.7.0",
        "react-dom": "16.7.0",
        "tslib": "~1.9.3"
      }
    },
    "@microsoft/sp-component-base": {
      "version": "1.8.0",
      "resolved": "https://registry.npmjs.org/@microsoft/sp-component-base/-/sp-component-base-1.8.0.tgz",
      "integrity": "sha512-D25ZxyD2U/sxz604xJpgFwUehBOWwGkNwSa4NIGVESMSADVWBu1iTFIhBniFdnKLITAsGQNyCbshki9Pfs+3ig==",
      "requires": {
        "@microsoft/decorators": "1.8.0",
        "@microsoft/sp-core-library": "1.8.0",
        "@microsoft/sp-diagnostics": "1.8.0",
        "@microsoft/sp-dynamic-data": "1.8.0",
        "@microsoft/sp-http": "1.8.0",
        "@microsoft/sp-loader": "1.8.0",
        "@microsoft/sp-lodash-subset": "1.8.0",
        "@microsoft/sp-module-interfaces": "1.8.0",
        "@microsoft/sp-page-context": "1.8.0",
        "@types/es6-promise": "0.0.33",
        "@types/webpack-env": "1.13.1"
      }
    },
    "@microsoft/sp-core-library": {
      "version": "1.8.0",
      "resolved": "https://registry.npmjs.org/@microsoft/sp-core-library/-/sp-core-library-1.8.0.tgz",
      "integrity": "sha512-791UBO3B3fe27D8ubDb2GBAJZl4o6TgJZLp3yKNcUxRNJw6uMtLyuywOO8gw0u6S0Hgo/qtmScs046gkWfuqrA==",
      "requires": {
        "@microsoft/sp-lodash-subset": "1.8.0",
        "@microsoft/sp-module-interfaces": "1.8.0",
        "@types/es6-promise": "0.0.33",
        "@types/webpack-env": "1.13.1"
      }
    },
    "@microsoft/sp-diagnostics": {
      "version": "1.8.0",
      "resolved": "https://registry.npmjs.org/@microsoft/sp-diagnostics/-/sp-diagnostics-1.8.0.tgz",
      "integrity": "sha512-6sDU/aVQB2a7OlUo54nsuzUsYUkCzxRb0PW/NN77Yzl9VHkKEsYlN0VPZpg+vhuhmEFu02WhkbHDfFSnT5m37g==",
      "requires": {
        "@microsoft/sp-core-library": "1.8.0",
        "@microsoft/sp-lodash-subset": "1.8.0"
      }
    },
    "@microsoft/sp-dynamic-data": {
      "version": "1.8.0",
      "resolved": "https://registry.npmjs.org/@microsoft/sp-dynamic-data/-/sp-dynamic-data-1.8.0.tgz",
      "integrity": "sha512-3ZejI9n7fBwgGHckPbQ3wSbH0lcGBAzo5xv+VP4vUAG977voLGQbFfiFVcv0/THoxzvyQzSE1H0aOywdHtMHsQ==",
      "requires": {
        "@microsoft/sp-core-library": "1.8.0",
        "@microsoft/sp-diagnostics": "1.8.0",
        "@microsoft/sp-lodash-subset": "1.8.0",
        "@types/webpack-env": "1.13.1",
        "tslib": "~1.9.3"
      }
    },
    "@microsoft/sp-http": {
      "version": "1.8.0",
      "resolved": "https://registry.npmjs.org/@microsoft/sp-http/-/sp-http-1.8.0.tgz",
      "integrity": "sha512-y2wJiBuu1SyzdHqcTOcYmfbi36rmbo6WjG91dG5MmyLqNn/bI7I0GLue2SBzBEX5CLKRBVa8yaiaaqTU0DQmdw==",
      "requires": {
        "@microsoft/microsoft-graph-client": "~1.1.0",
        "@microsoft/sp-core-library": "1.8.0",
        "@microsoft/sp-diagnostics": "1.8.0",
        "@types/adal-angular": "1.0.1",
        "adal-angular": "1.0.16",
        "tslib": "~1.9.3"
      }
    },
    "@microsoft/sp-loader": {
      "version": "1.8.0",
      "resolved": "https://registry.npmjs.org/@microsoft/sp-loader/-/sp-loader-1.8.0.tgz",
      "integrity": "sha512-UQ7OLRzDqYRWplxretZ5eBUGskaGiZ6titQ8h3Zh4pmQh+FjdrZN5VCxNZJKqNjUTiTOUweb9KZuVI3sD8RnDw==",
      "requires": {
        "@microsoft/office-ui-fabric-react-bundle": "1.8.0",
        "@microsoft/sp-core-library": "1.8.0",
        "@microsoft/sp-diagnostics": "1.8.0",
        "@microsoft/sp-dynamic-data": "1.8.0",
        "@microsoft/sp-http": "1.8.0",
        "@microsoft/sp-lodash-subset": "1.8.0",
        "@microsoft/sp-module-interfaces": "1.8.0",
        "@microsoft/sp-odata-types": "1.8.0",
        "@microsoft/sp-page-context": "1.8.0",
        "@microsoft/sp-polyfills": "1.8.0",
        "@types/es6-promise": "0.0.33",
        "@types/node": "8.5.8",
        "@types/react": "16.4.2",
        "@types/react-dom": "16.0.5",
        "@types/requirejs": "2.1.29",
        "@types/webpack-env": "1.13.1",
        "@uifabric/utilities": "6.29.4",
        "office-ui-fabric-react": "6.143.0",
        "react": "16.7.0",
        "react-dom": "16.7.0",
        "requirejs": "2.1.20",
        "tslib": "~1.9.3"
      }
    },
    "@microsoft/sp-lodash-subset": {
      "version": "1.8.0",
      "resolved": "https://registry.npmjs.org/@microsoft/sp-lodash-subset/-/sp-lodash-subset-1.8.0.tgz",
      "integrity": "sha512-jFHvMIbvId2+y8VH9vNqMRcedrysFqLAenGK6VZ0Uv0n9kAv3AFX9d3VMAKhlRZhIFHGvPIqK2V2DsiBe8HK5A==",
      "requires": {
        "@types/lodash": "4.14.117",
        "@types/webpack-env": "1.13.1",
        "tslib": "~1.9.3"
      }
    },
    "@microsoft/sp-module-interfaces": {
      "version": "1.8.0",
      "resolved": "https://registry.npmjs.org/@microsoft/sp-module-interfaces/-/sp-module-interfaces-1.8.0.tgz",
      "integrity": "sha512-QPPoiVdC7VC6m/dIj59+xY/YZNHD14UNOMhULwESDnp6fzZHMjCgIBS1axvRKctnNhg5GAl3UT+Q8QhotoiHxQ==",
      "requires": {
        "@types/node": "8.5.8",
        "@types/z-schema": "3.16.31",
        "z-schema": "~3.18.3"
      }
    },
    "@microsoft/sp-odata-types": {
      "version": "1.8.0",
      "resolved": "https://registry.npmjs.org/@microsoft/sp-odata-types/-/sp-odata-types-1.8.0.tgz",
      "integrity": "sha512-HzIajxC+qtoKgVZAazD9BpeAJeNHYuxBZ3ESx6IGhUhNnx8Nk9nB5/MiccAZ2B/b24QoNbdw8eVmly/w7R5AJA==",
      "requires": {
        "tslib": "~1.9.3"
      }
    },
    "@microsoft/sp-page-context": {
      "version": "1.8.0",
      "resolved": "https://registry.npmjs.org/@microsoft/sp-page-context/-/sp-page-context-1.8.0.tgz",
      "integrity": "sha512-ZavqXsehRvLEbRLo8mIZVr08eXOcVeLkr1VBgFQA1clLKTfpx69R+AR9X/nJIiWI7TLd+tom3BH7l3x6rRqDkw==",
      "requires": {
        "@microsoft/sp-core-library": "1.8.0",
        "@microsoft/sp-diagnostics": "1.8.0",
        "@microsoft/sp-dynamic-data": "1.8.0",
        "@microsoft/sp-lodash-subset": "1.8.0",
        "@microsoft/sp-odata-types": "1.8.0",
        "@types/es6-promise": "0.0.33",
        "@types/webpack-env": "1.13.1",
        "tslib": "~1.9.3"
      }
    },
    "@microsoft/sp-polyfills": {
      "version": "1.8.0",
      "resolved": "https://registry.npmjs.org/@microsoft/sp-polyfills/-/sp-polyfills-1.8.0.tgz",
      "integrity": "sha512-mN9XJub3AaFmauVQp/0+Q+izzxXMhyCK74gAgXVoa5mtFrTnNqSJPbb3z9N+p0IOh2lbzEdmqxkL8ZdTLbvMKA==",
      "requires": {
        "@types/webpack-env": "1.13.1",
        "es6-collections": "0.5.6",
        "es6-promise": "4.1.1",
        "tslib": "~1.9.3",
        "whatwg-fetch": "2.0.3",
        "whatwg-url": "4.7.1"
      },
      "dependencies": {
        "es6-promise": {
          "version": "4.1.1",
          "resolved": "https://registry.npmjs.org/es6-promise/-/es6-promise-4.1.1.tgz",
          "integrity": "sha512-OaU1hHjgJf+b0NzsxCg7NdIYERD6Hy/PEmFLTjw+b65scuisG3Kt4QoTvJ66BBkPZ581gr0kpoVzKnxniM8nng=="
        },
        "whatwg-fetch": {
          "version": "2.0.3",
          "resolved": "https://registry.npmjs.org/whatwg-fetch/-/whatwg-fetch-2.0.3.tgz",
          "integrity": "sha1-nITsLc9oGH/wC8ZOEnS0QhduHIQ="
        }
      }
    },
    "@microsoft/sp-property-pane": {
      "version": "1.8.0",
      "resolved": "https://registry.npmjs.org/@microsoft/sp-property-pane/-/sp-property-pane-1.8.0.tgz",
      "integrity": "sha512-PrJSrlcmiyFW0cSksj+iU29ejrf/+HObMVUg+jEMOKtplC8/6TK7CLkndnd5zC/oCoXNaeUc9pWFojIPJRH/OQ==",
      "requires": {
        "@microsoft/decorators": "1.8.0",
        "@microsoft/office-ui-fabric-react-bundle": "1.8.0",
        "@microsoft/sp-component-base": "1.8.0",
        "@microsoft/sp-core-library": "1.8.0",
        "@microsoft/sp-diagnostics": "1.8.0",
        "@microsoft/sp-dynamic-data": "1.8.0",
        "@microsoft/sp-lodash-subset": "1.8.0",
        "@types/es6-promise": "0.0.33",
        "@types/react": "16.4.2",
        "@types/react-dom": "16.0.5",
        "@types/webpack-env": "1.13.1",
        "office-ui-fabric-react": "6.143.0",
        "react": "16.7.0",
        "react-dom": "16.7.0",
        "tslib": "~1.9.3"
      }
    },
    "@microsoft/sp-webpart-base": {
      "version": "1.8.0",
      "resolved": "https://registry.npmjs.org/@microsoft/sp-webpart-base/-/sp-webpart-base-1.8.0.tgz",
      "integrity": "sha512-/wu/AboXD/Wqw3gb623/kPG69aJpnwBrQ3BwnmyNwMUzt2FnqLG7SxEYZlOmdyCQHUVSR1XtA964gp4ik6oD3g==",
      "requires": {
        "@microsoft/decorators": "1.8.0",
        "@microsoft/load-themed-styles": "1.8.62",
        "@microsoft/sp-component-base": "1.8.0",
        "@microsoft/sp-core-library": "1.8.0",
        "@microsoft/sp-diagnostics": "1.8.0",
        "@microsoft/sp-dynamic-data": "1.8.0",
        "@microsoft/sp-http": "1.8.0",
        "@microsoft/sp-loader": "1.8.0",
        "@microsoft/sp-lodash-subset": "1.8.0",
        "@microsoft/sp-module-interfaces": "1.8.0",
        "@microsoft/sp-page-context": "1.8.0",
        "@microsoft/sp-property-pane": "1.8.0",
        "@microsoft/teams-js": "1.4.1",
        "@types/es6-promise": "0.0.33",
        "@types/webpack-env": "1.13.1",
        "office-ui-fabric-react": "6.143.0",
        "tslib": "~1.9.3"
      }
    },
    "@microsoft/teams-js": {
      "version": "1.4.1",
      "resolved": "https://registry.npmjs.org/@microsoft/teams-js/-/teams-js-1.4.1.tgz",
      "integrity": "sha512-0BuWgUrZvZ0X98roHTWQVtnjlw22DWJBFW7LCqKS7Q/0Zu19GAWNL/mJoVJRRujVHUbEW+QU0qwJK6KqitUcsw=="
    },
    "@types/adal-angular": {
      "version": "1.0.1",
      "resolved": "https://registry.npmjs.org/@types/adal-angular/-/adal-angular-1.0.1.tgz",
      "integrity": "sha512-2sRGxJYrluhvIz8ae98i5k5woe9Fics4dMFHTcNfY2xAkj5QGZor+sfZzlgM58Fpw7Kklau9Gn6OhgJP25dKug=="
    },
    "@types/es6-promise": {
      "version": "0.0.33",
      "resolved": "https://registry.npmjs.org/@types/es6-promise/-/es6-promise-0.0.33.tgz",
      "integrity": "sha512-HKJFVLCGrWQ/1unEw8JdaTxu6n3EUxmwTxJ6D0O1x0gD8joCsgoTWxEgevb7fp2XIogNjof3KEd+3bJoGne/nw=="
    },
    "@types/lodash": {
      "version": "4.14.117",
      "resolved": "https://registry.npmjs.org/@types/lodash/-/lodash-4.14.117.tgz",
      "integrity": "sha512-xyf2m6tRbz8qQKcxYZa7PA4SllYcay+eh25DN3jmNYY6gSTL7Htc/bttVdkqj2wfJGbeWlQiX8pIyJpKU+tubw=="
    },
    "@types/node": {
      "version": "8.5.8",
      "resolved": "https://registry.npmjs.org/@types/node/-/node-8.5.8.tgz",
      "integrity": "sha512-8KmlRxwbKZfjUHFIt3q8TF5S2B+/E5BaAoo/3mgc5h6FJzqxXkCK/VMetO+IRDtwtU6HUvovHMBn+XRj7SV9Qg=="
    },
    "@types/react": {
      "version": "16.4.2",
      "resolved": "https://registry.npmjs.org/@types/react/-/react-16.4.2.tgz",
      "integrity": "sha512-oVcVteCDNiVc/fkDjowRfAZQDEOR76j3CJ3FvwXNvfV6zJguhghy1lMgpAzYox+9AZsWch+JPV6Imml3wvIUeg==",
      "requires": {
        "csstype": "^2.2.0"
      }
    },
    "@types/react-dom": {
      "version": "16.0.5",
      "resolved": "https://registry.npmjs.org/@types/react-dom/-/react-dom-16.0.5.tgz",
      "integrity": "sha512-ony2hEYlGXCLWNAWWgbsHR7qVvDbeMRFc5b43+7dhj3n+zXzxz81HV9Yjpc3JD8vLCiwYoSLqFCI6bD0+0zG2Q==",
      "requires": {
        "@types/node": "*",
        "@types/react": "*"
      }
    },
    "@types/requirejs": {
      "version": "2.1.29",
      "resolved": "https://registry.npmjs.org/@types/requirejs/-/requirejs-2.1.29.tgz",
      "integrity": "sha1-vEi8gzwHnCwkumr7ym06A7P04vM="
    },
    "@types/webpack-env": {
      "version": "1.13.1",
      "resolved": "https://registry.npmjs.org/@types/webpack-env/-/webpack-env-1.13.1.tgz",
      "integrity": "sha512-oHyg0NssP2RCpCvE35hhbSqMJRsc5lSW+GFe+Vc65JL+kHII1VMYM+0KeV/z4utFuUqPoQRmq8KMMp7ba0dj6Q=="
    },
    "@types/z-schema": {
      "version": "3.16.31",
      "resolved": "https://registry.npmjs.org/@types/z-schema/-/z-schema-3.16.31.tgz",
      "integrity": "sha1-LrHQCl5Ow/pYx2r94S4YK2bcXBw="
    },
    "@uifabric/foundation": {
      "version": "0.7.4",
      "resolved": "https://registry.npmjs.org/@uifabric/foundation/-/foundation-0.7.4.tgz",
      "integrity": "sha512-hE7JiCvZuG0O7HOmeC3lIX9+KAXxnt9JTgQJw/MD/unnzSm0l/WqXb6bpCuYRVZuSvgEp9DcP/yn3iphJlRh5w==",
      "requires": {
        "@uifabric/set-version": "^1.1.3",
        "@uifabric/styling": "^6.45.2",
        "@uifabric/utilities": "^6.35.3",
        "tslib": "^1.7.1"
      },
      "dependencies": {
        "@uifabric/utilities": {
          "version": "6.35.3",
          "resolved": "https://registry.npmjs.org/@uifabric/utilities/-/utilities-6.35.3.tgz",
          "integrity": "sha512-dulGtSFvZLTfoMpb5C9E6y2M39m95P5NeXtF9On/cG/9xMnGPsewgFAj81G0amiV1b5MBtSqXWvCQ5EdusQ2YA==",
          "requires": {
            "@uifabric/merge-styles": "^6.16.4",
            "@uifabric/set-version": "^1.1.3",
            "prop-types": "^15.5.10",
            "tslib": "^1.7.1"
          }
        }
      }
    },
    "@uifabric/icons": {
      "version": "6.4.0",
      "resolved": "https://registry.npmjs.org/@uifabric/icons/-/icons-6.4.0.tgz",
      "integrity": "sha512-pbKu3OnWaRIeDqMFhicDrrcqicxNqoHpJpknZR9N2xxoPnYMnt2ZOhBNnAxoVVcxHlWkFNg0rvFrOAQGn+S5/Q==",
      "requires": {
        "@uifabric/set-version": ">=1.1.3 <2.0.0",
        "@uifabric/styling": ">=6.41.0 <7.0.0",
        "tslib": "^1.7.1"
      }
    },
    "@uifabric/merge-styles": {
      "version": "6.16.4",
      "resolved": "https://registry.npmjs.org/@uifabric/merge-styles/-/merge-styles-6.16.4.tgz",
      "integrity": "sha512-z69v0XjyHZmQOTC0fMmUUN8yPv2pWfV8ZsrJSbFazKqT/K0WBkZJPXRpCdM9wxYUcFyrKYfFzLNzmGwES1WXZQ==",
      "requires": {
        "@uifabric/set-version": "^1.1.3",
        "tslib": "^1.7.1"
      }
    },
    "@uifabric/set-version": {
      "version": "1.1.3",
      "resolved": "https://registry.npmjs.org/@uifabric/set-version/-/set-version-1.1.3.tgz",
      "integrity": "sha512-IYpwVIuN7MJOeiWzZzr9AmFSvA5zc6gJn4fNHtEFIQnNB8WVWIcYrvx8Tbf7wWj9MvhdHYp70F054zZlHbL/Ag==",
      "requires": {
        "tslib": "^1.7.1"
      }
    },
    "@uifabric/styling": {
      "version": "6.45.2",
      "resolved": "https://registry.npmjs.org/@uifabric/styling/-/styling-6.45.2.tgz",
      "integrity": "sha512-vOmwMAFKii46RRHBpPBGf0LBR+BVfi8IV3Y5CMyM1H299s+hzQLJOZLdJt5GGWmlTWXO2CfiPhLLdCz0vUWcoA==",
      "requires": {
        "@microsoft/load-themed-styles": "^1.7.13",
        "@uifabric/merge-styles": "^6.16.4",
        "@uifabric/set-version": "^1.1.3",
        "@uifabric/utilities": "^6.35.3",
        "tslib": "^1.7.1"
      },
      "dependencies": {
        "@uifabric/utilities": {
          "version": "6.35.3",
          "resolved": "https://registry.npmjs.org/@uifabric/utilities/-/utilities-6.35.3.tgz",
          "integrity": "sha512-dulGtSFvZLTfoMpb5C9E6y2M39m95P5NeXtF9On/cG/9xMnGPsewgFAj81G0amiV1b5MBtSqXWvCQ5EdusQ2YA==",
          "requires": {
            "@uifabric/merge-styles": "^6.16.4",
            "@uifabric/set-version": "^1.1.3",
            "prop-types": "^15.5.10",
            "tslib": "^1.7.1"
          }
        }
      }
    },
    "@uifabric/utilities": {
      "version": "6.29.4",
      "resolved": "https://registry.npmjs.org/@uifabric/utilities/-/utilities-6.29.4.tgz",
      "integrity": "sha512-ESyMQfJrIGy1uM0HQApW0gvKpQCZBWLLoQTGZIq8Z4ZcTUEYN4Te+6oImtn0dxI1CIK6fbQNtLvZb5fX82+jMA==",
      "requires": {
        "@uifabric/merge-styles": ">=6.15.2 <7.0.0",
        "@uifabric/set-version": ">=1.1.3 <2.0.0",
        "prop-types": "^15.5.10",
        "tslib": "^1.7.1"
      }
    },
    "adal-angular": {
      "version": "1.0.16",
      "resolved": "https://registry.npmjs.org/adal-angular/-/adal-angular-1.0.16.tgz",
      "integrity": "sha1-4rwxvHEqr/ugU6pN1GvITrXSCQ8="
    },
    "commander": {
      "version": "2.20.0",
      "resolved": "https://registry.npmjs.org/commander/-/commander-2.20.0.tgz",
      "integrity": "sha512-7j2y+40w61zy6YC2iRNpUe/NwhNyoXrYpHMrSunaMG64nRnaf96zO/KMQR4OyN/UnE5KLyEBnKHd4aG3rskjpQ==",
      "optional": true
    },
    "csstype": {
      "version": "2.6.3",
      "resolved": "https://registry.npmjs.org/csstype/-/csstype-2.6.3.tgz",
      "integrity": "sha512-rINUZXOkcBmoHWEyu7JdHu5JMzkGRoMX4ov9830WNgxf5UYxcBUO0QTKAqeJ5EZfSdlrcJYkC8WwfVW7JYi4yg=="
    },
    "encoding": {
      "version": "0.1.12",
      "resolved": "https://registry.npmjs.org/encoding/-/encoding-0.1.12.tgz",
      "integrity": "sha1-U4tm8+5izRq1HsMjgp0flIDHS+s=",
      "requires": {
        "iconv-lite": "~0.4.13"
      }
    },
    "es6-collections": {
      "version": "0.5.6",
      "resolved": "https://registry.npmjs.org/es6-collections/-/es6-collections-0.5.6.tgz",
      "integrity": "sha1-VVLoAK0SwYIM2ivUp5rn27A9iaI="
    },
    "es6-promise": {
      "version": "4.2.6",
      "resolved": "https://registry.npmjs.org/es6-promise/-/es6-promise-4.2.6.tgz",
      "integrity": "sha512-aRVgGdnmW2OiySVPUC9e6m+plolMAJKjZnQlCwNSuK5yQ0JN61DZSO1X1Ufd1foqWRAlig0rhduTCHe7sVtK5Q=="
    },
    "iconv-lite": {
      "version": "0.4.24",
      "resolved": "https://registry.npmjs.org/iconv-lite/-/iconv-lite-0.4.24.tgz",
      "integrity": "sha512-v3MXnZAcvnywkTUEZomIActle7RXXeedOR31wwl7VlyoXO4Qi9arvSenNQWne1TcRwhCL1HwLI21bEqdpj8/rA==",
      "requires": {
        "safer-buffer": ">= 2.1.2 < 3"
      }
    },
    "is-stream": {
      "version": "1.1.0",
      "resolved": "https://registry.npmjs.org/is-stream/-/is-stream-1.1.0.tgz",
      "integrity": "sha1-EtSj3U5o4Lec6428hBc66A2RykQ="
    },
    "isomorphic-fetch": {
      "version": "2.2.1",
      "resolved": "https://registry.npmjs.org/isomorphic-fetch/-/isomorphic-fetch-2.2.1.tgz",
      "integrity": "sha1-YRrhrPFPXoH3KVB0coGf6XM1WKk=",
      "requires": {
        "node-fetch": "^1.0.1",
        "whatwg-fetch": ">=0.10.0"
      }
    },
    "js-tokens": {
      "version": "4.0.0",
      "resolved": "https://registry.npmjs.org/js-tokens/-/js-tokens-4.0.0.tgz",
      "integrity": "sha512-RdJUflcE3cUzKiMqQgsCu06FPu9UdIJO0beYbPhHN4k6apgJtifcoCtT9bcxOpYBtpD2kCM6Sbzg4CausW/PKQ=="
    },
    "lodash.get": {
      "version": "4.4.2",
      "resolved": "https://registry.npmjs.org/lodash.get/-/lodash.get-4.4.2.tgz",
      "integrity": "sha1-LRd/ZS+jHpObRDjVNBSZ36OCXpk="
    },
    "lodash.isequal": {
      "version": "4.5.0",
      "resolved": "https://registry.npmjs.org/lodash.isequal/-/lodash.isequal-4.5.0.tgz",
      "integrity": "sha1-QVxEePK8wwEgwizhDtMib30+GOA="
    },
    "loose-envify": {
      "version": "1.4.0",
      "resolved": "https://registry.npmjs.org/loose-envify/-/loose-envify-1.4.0.tgz",
      "integrity": "sha512-lyuxPGr/Wfhrlem2CL/UcnUc1zcqKAImBDzukY7Y5F/yQiNdko6+fRLevlw1HgMySw7f611UIY408EtxRSoK3Q==",
      "requires": {
        "js-tokens": "^3.0.0 || ^4.0.0"
      }
    },
    "node-fetch": {
      "version": "1.7.3",
      "resolved": "https://registry.npmjs.org/node-fetch/-/node-fetch-1.7.3.tgz",
      "integrity": "sha512-NhZ4CsKx7cYm2vSrBAr2PvFOe6sWDf0UYLRqA6svUYg7+/TSfVAu49jYC4BvQ4Sms9SZgdqGBgroqfDhJdTyKQ==",
      "requires": {
        "encoding": "^0.1.11",
        "is-stream": "^1.0.1"
      }
    },
    "object-assign": {
      "version": "4.1.1",
      "resolved": "https://registry.npmjs.org/object-assign/-/object-assign-4.1.1.tgz",
      "integrity": "sha1-IQmtx5ZYh8/AXLvUQsrIv7s2CGM="
    },
    "office-ui-fabric-react": {
      "version": "6.143.0",
      "resolved": "https://registry.npmjs.org/office-ui-fabric-react/-/office-ui-fabric-react-6.143.0.tgz",
      "integrity": "sha512-JXV1h8upR+WPYQ7SuJFgp9XuLrJUDT9QjI7bzbyY+dpwjKCX0D22BlTfi7O52IdDt4eFesJofN8DfW0A/opvMw==",
      "requires": {
        "@microsoft/load-themed-styles": "^1.7.13",
        "@uifabric/foundation": ">=0.7.1 <1.0.0",
        "@uifabric/icons": ">=6.4.0 <7.0.0",
        "@uifabric/merge-styles": ">=6.15.2 <7.0.0",
        "@uifabric/set-version": ">=1.1.3 <2.0.0",
        "@uifabric/styling": ">=6.41.0 <7.0.0",
        "@uifabric/utilities": ">=6.29.3 <7.0.0",
        "prop-types": "^15.5.10",
        "tslib": "^1.7.1"
      }
    },
    "prop-types": {
      "version": "15.7.2",
      "resolved": "https://registry.npmjs.org/prop-types/-/prop-types-15.7.2.tgz",
      "integrity": "sha512-8QQikdH7//R2vurIJSutZ1smHYTcLpRWEOlHnzcWHmBYrOGUysKwSsrC89BCiFj3CbrfJ/nXFdJepOVrY1GCHQ==",
      "requires": {
        "loose-envify": "^1.4.0",
        "object-assign": "^4.1.1",
        "react-is": "^16.8.1"
      }
    },
    "react": {
      "version": "16.7.0",
      "resolved": "https://registry.npmjs.org/react/-/react-16.7.0.tgz",
      "integrity": "sha512-StCz3QY8lxTb5cl2HJxjwLFOXPIFQp+p+hxQfc8WE0QiLfCtIlKj8/+5tjjKm8uSTlAW+fCPaavGFS06V9Ar3A==",
      "requires": {
        "loose-envify": "^1.1.0",
        "object-assign": "^4.1.1",
        "prop-types": "^15.6.2",
        "scheduler": "^0.12.0"
      }
    },
    "react-dom": {
      "version": "16.7.0",
      "resolved": "https://registry.npmjs.org/react-dom/-/react-dom-16.7.0.tgz",
      "integrity": "sha512-D0Ufv1ExCAmF38P2Uh1lwpminZFRXEINJe53zRAbm4KPwSyd6DY/uDoS0Blj9jvPpn1+wivKpZYc8aAAN/nAkg==",
      "requires": {
        "loose-envify": "^1.1.0",
        "object-assign": "^4.1.1",
        "prop-types": "^15.6.2",
        "scheduler": "^0.12.0"
      }
    },
    "react-is": {
      "version": "16.8.6",
      "resolved": "https://registry.npmjs.org/react-is/-/react-is-16.8.6.tgz",
      "integrity": "sha512-aUk3bHfZ2bRSVFFbbeVS4i+lNPZr3/WM5jT2J5omUVV1zzcs1nAaf3l51ctA5FFvCRbhrH0bdAsRRQddFJZPtA=="
    },
    "requirejs": {
      "version": "2.1.20",
      "resolved": "https://registry.npmjs.org/requirejs/-/requirejs-2.1.20.tgz",
      "integrity": "sha1-EUgiyRfsh5NFCy2qoeubvxEB6TE="
    },
    "safer-buffer": {
      "version": "2.1.2",
      "resolved": "https://registry.npmjs.org/safer-buffer/-/safer-buffer-2.1.2.tgz",
      "integrity": "sha512-YZo3K82SD7Riyi0E1EQPojLz7kpepnSQI9IyPbHHg1XXXevb5dJI7tpyN2ADxGcQbHG7vcyRHk0cbwqcQriUtg=="
    },
    "scheduler": {
      "version": "0.12.0",
      "resolved": "https://registry.npmjs.org/scheduler/-/scheduler-0.12.0.tgz",
      "integrity": "sha512-t7MBR28Akcp4Jm+QoR63XgAi9YgCUmgvDHqf5otgAj4QvdoBE4ImCX0ffehefePPG+aitiYHp0g/mW6s4Tp+dw==",
      "requires": {
        "loose-envify": "^1.1.0",
        "object-assign": "^4.1.1"
      }
    },
    "tr46": {
      "version": "0.0.3",
      "resolved": "https://registry.npmjs.org/tr46/-/tr46-0.0.3.tgz",
      "integrity": "sha1-gYT9NH2snNwYWZLzpmIuFLnZq2o="
    },
    "tslib": {
      "version": "1.9.3",
      "resolved": "https://registry.npmjs.org/tslib/-/tslib-1.9.3.tgz",
      "integrity": "sha512-4krF8scpejhaOgqzBEcGM7yDIEfi0/8+8zDRZhNZZ2kjmHJ4hv3zCbQWxoJGz1iw5U0Jl0nma13xzHXcncMavQ=="
    },
    "validator": {
      "version": "8.2.0",
      "resolved": "https://registry.npmjs.org/validator/-/validator-8.2.0.tgz",
      "integrity": "sha512-Yw5wW34fSv5spzTXNkokD6S6/Oq92d8q/t14TqsS3fAiA1RYnxSFSIZ+CY3n6PGGRCq5HhJTSepQvFUS2QUDxA=="
    },
    "webidl-conversions": {
      "version": "3.0.1",
      "resolved": "https://registry.npmjs.org/webidl-conversions/-/webidl-conversions-3.0.1.tgz",
      "integrity": "sha1-JFNCdeKnvGvnvIZhHMFq4KVlSHE="
    },
    "whatwg-fetch": {
      "version": "3.0.0",
      "resolved": "https://registry.npmjs.org/whatwg-fetch/-/whatwg-fetch-3.0.0.tgz",
      "integrity": "sha512-9GSJUgz1D4MfyKU7KRqwOjXCXTqWdFNvEr7eUBYchQiVc744mqK/MzXPNR2WsPkmkOa4ywfg8C2n8h+13Bey1Q=="
    },
    "whatwg-url": {
      "version": "4.7.1",
      "resolved": "https://registry.npmjs.org/whatwg-url/-/whatwg-url-4.7.1.tgz",
      "integrity": "sha1-303C4/JaY7H6WzLtbWwTlXfWkN4=",
      "requires": {
        "tr46": "~0.0.3",
        "webidl-conversions": "^3.0.0"
      }
    },
    "z-schema": {
      "version": "3.18.4",
      "resolved": "https://registry.npmjs.org/z-schema/-/z-schema-3.18.4.tgz",
      "integrity": "sha512-DUOKC/IhbkdLKKiV89gw9DUauTV8U/8yJl1sjf6MtDmzevLKOF2duNJ495S3MFVjqZarr+qNGCPbkg4mu4PpLw==",
      "requires": {
        "commander": "^2.7.1",
        "lodash.get": "^4.0.0",
        "lodash.isequal": "^4.0.0",
        "validator": "^8.0.0"
      }
    }
  }
}
